
Microsoft Visual Studio Solution File, Format Version 12.00
# Visual Studio Version 17
VisualStudioVersion = 17.7.34221.43
MinimumVisualStudioVersion = 10.0.40219.1
Project("{FAE04EC0-301F-11D3-BF4B-00C04F79EFBC}") = "MarsAdvancedTaskPart1NUnitAutomation", "MarsAdvancedTaskPart1NUnitAutomation.csproj", "{451C7C8C-F7C4-41BD-8122-5AA62C224CAB}"
EndProject
Global
	GlobalSection(SolutionConfigurationPlatforms) = preSolution
		Debug|Any CPU = Debug|Any CPU
		Release|Any CPU = Release|Any CPU
	EndGlobalSection
	GlobalSection(ProjectConfigurationPlatforms) = postSolution
		{451C7C8C-F7C4-41BD-8122-5AA62C224CAB}.Debug|Any CPU.ActiveCfg = Debug|Any CPU
		{451C7C8C-F7C4-41BD-8122-5AA62C224CAB}.Debug|Any CPU.Build.0 = Debug|Any CPU
		{451C7C8C-F7C4-41BD-8122-5AA62C224CAB}.Release|Any CPU.ActiveCfg = Release|Any CPU
		{451C7C8C-F7C4-41BD-8122-5AA62C224CAB}.Release|Any CPU.Build.0 = Release|Any CPU
	EndGlobalSection
	GlobalSection(SolutionProperties) = preSolution
		HideSolutionNode = FALSE
	EndGlobalSection
	GlobalSection(ExtensibilityGlobals) = postSolution
		SolutionGuid = {A9B9F4E9-00A6-4514-9872-B7C4E717A85B}
	EndGlobalSection
EndGlobal
